// !$*UTF8*$!
{
	archiveVersion = 1;
	classes = {
	};
	objectVersion = 48;
	objects = {

/* Begin PBXBuildFile section */
		290EF70120855FE4002F7121 /* awsconfiguration.json in Resources */ = {isa = PBXBuildFile; fileRef = 290EF70020855FE4002F7121 /* awsconfiguration.json */; };
		2911A9932084000B009134B6 /* LoginTextField.swift in Sources */ = {isa = PBXBuildFile; fileRef = 2911A9922084000B009134B6 /* LoginTextField.swift */; };
		2911A9952084061B009134B6 /* NewAccountButton.swift in Sources */ = {isa = PBXBuildFile; fileRef = 2911A9942084061B009134B6 /* NewAccountButton.swift */; };
		2911A9972084776E009134B6 /* LineView.swift in Sources */ = {isa = PBXBuildFile; fileRef = 2911A9962084776E009134B6 /* LineView.swift */; };
		2911A99920848DFA009134B6 /* SignUpViewController.swift in Sources */ = {isa = PBXBuildFile; fileRef = 2911A99820848DFA009134B6 /* SignUpViewController.swift */; };
		2911A9A02084C175009134B6 /* PasswordTextField.swift in Sources */ = {isa = PBXBuildFile; fileRef = 2911A99F2084C175009134B6 /* PasswordTextField.swift */; };
		297FB1D320830F4A000F353B /* AppDelegate.swift in Sources */ = {isa = PBXBuildFile; fileRef = 297FB1D220830F4A000F353B /* AppDelegate.swift */; };
		297FB1D520830F4A000F353B /* ViewController.swift in Sources */ = {isa = PBXBuildFile; fileRef = 297FB1D420830F4A000F353B /* ViewController.swift */; };
		297FB1D820830F4A000F353B /* Main.storyboard in Resources */ = {isa = PBXBuildFile; fileRef = 297FB1D620830F4A000F353B /* Main.storyboard */; };
		297FB1DA20830F4A000F353B /* Assets.xcassets in Resources */ = {isa = PBXBuildFile; fileRef = 297FB1D920830F4A000F353B /* Assets.xcassets */; };
		297FB1DD20830F4A000F353B /* LaunchScreen.storyboard in Resources */ = {isa = PBXBuildFile; fileRef = 297FB1DB20830F4A000F353B /* LaunchScreen.storyboard */; };
		297FB1E520831091000F353B /* podfile in Resources */ = {isa = PBXBuildFile; fileRef = 297FB1E420831091000F353B /* podfile */; };
		297FB1EC2083EFCB000F353B /* audiobooksimage.jpg in Resources */ = {isa = PBXBuildFile; fileRef = 297FB1EB2083EFCB000F353B /* audiobooksimage.jpg */; };
		29C05D7D20852B3A0055B8E2 /* device-camera-icon.png in Resources */ = {isa = PBXBuildFile; fileRef = 29C05D7C20852B3A0055B8E2 /* device-camera-icon.png */; };
		29C05D7F20852E260055B8E2 /* PhotoViewController.swift in Sources */ = {isa = PBXBuildFile; fileRef = 29C05D7E20852E260055B8E2 /* PhotoViewController.swift */; };
		29C05D81208535310055B8E2 /* 0497bfe9d8128a84b5bdccfc8a90a1a8.jpg in Resources */ = {isa = PBXBuildFile; fileRef = 29C05D80208535310055B8E2 /* 0497bfe9d8128a84b5bdccfc8a90a1a8.jpg */; };
		4531E99267E7DB67D2AFDE7E /* Pods_CMSC389L.framework in Frameworks */ = {isa = PBXBuildFile; fileRef = 90791226A6851B8DD0F10340 /* Pods_CMSC389L.framework */; };
/* End PBXBuildFile section */

/* Begin PBXFileReference section */
		01217019AFF64DA542D2BEA3 /* Pods-CMSC389L.release.xcconfig */ = {isa = PBXFileReference; includeInIndex = 1; lastKnownFileType = text.xcconfig; name = "Pods-CMSC389L.release.xcconfig"; path = "Pods/Target Support Files/Pods-CMSC389L/Pods-CMSC389L.release.xcconfig"; sourceTree = "<group>"; };
		290EF70020855FE4002F7121 /* awsconfiguration.json */ = {isa = PBXFileReference; fileEncoding = 4; lastKnownFileType = text.json; path = awsconfiguration.json; sourceTree = "<group>"; };
		2911A9922084000B009134B6 /* LoginTextField.swift */ = {isa = PBXFileReference; lastKnownFileType = sourcecode.swift; path = LoginTextField.swift; sourceTree = "<group>"; };
		2911A9942084061B009134B6 /* NewAccountButton.swift */ = {isa = PBXFileReference; lastKnownFileType = sourcecode.swift; path = NewAccountButton.swift; sourceTree = "<group>"; };
		2911A9962084776E009134B6 /* LineView.swift */ = {isa = PBXFileReference; lastKnownFileType = sourcecode.swift; path = LineView.swift; sourceTree = "<group>"; };
		2911A99820848DFA009134B6 /* SignUpViewController.swift */ = {isa = PBXFileReference; lastKnownFileType = sourcecode.swift; path = SignUpViewController.swift; sourceTree = "<group>"; };
		2911A99F2084C175009134B6 /* PasswordTextField.swift */ = {isa = PBXFileReference; lastKnownFileType = sourcecode.swift; path = PasswordTextField.swift; sourceTree = "<group>"; };
		297FB1CF20830F4A000F353B /* CMSC389L.app */ = {isa = PBXFileReference; explicitFileType = wrapper.application; includeInIndex = 0; path = CMSC389L.app; sourceTree = BUILT_PRODUCTS_DIR; };
		297FB1D220830F4A000F353B /* AppDelegate.swift */ = {isa = PBXFileReference; lastKnownFileType = sourcecode.swift; path = AppDelegate.swift; sourceTree = "<group>"; };
		297FB1D420830F4A000F353B /* ViewController.swift */ = {isa = PBXFileReference; lastKnownFileType = sourcecode.swift; path = ViewController.swift; sourceTree = "<group>"; };
		297FB1D720830F4A000F353B /* Base */ = {isa = PBXFileReference; lastKnownFileType = file.storyboard; name = Base; path = Base.lproj/Main.storyboard; sourceTree = "<group>"; };
		297FB1D920830F4A000F353B /* Assets.xcassets */ = {isa = PBXFileReference; lastKnownFileType = folder.assetcatalog; path = Assets.xcassets; sourceTree = "<group>"; };
		297FB1DC20830F4A000F353B /* Base */ = {isa = PBXFileReference; lastKnownFileType = file.storyboard; name = Base; path = Base.lproj/LaunchScreen.storyboard; sourceTree = "<group>"; };
		297FB1DE20830F4A000F353B /* Info.plist */ = {isa = PBXFileReference; lastKnownFileType = text.plist.xml; path = Info.plist; sourceTree = "<group>"; };
		297FB1E420831091000F353B /* podfile */ = {isa = PBXFileReference; lastKnownFileType = text; path = podfile; sourceTree = "<group>"; };
		297FB1EB2083EFCB000F353B /* audiobooksimage.jpg */ = {isa = PBXFileReference; lastKnownFileType = image.jpeg; path = audiobooksimage.jpg; sourceTree = "<group>"; };
		29C05D7C20852B3A0055B8E2 /* device-camera-icon.png */ = {isa = PBXFileReference; lastKnownFileType = image.png; path = "device-camera-icon.png"; sourceTree = "<group>"; };
		29C05D7E20852E260055B8E2 /* PhotoViewController.swift */ = {isa = PBXFileReference; lastKnownFileType = sourcecode.swift; path = PhotoViewController.swift; sourceTree = "<group>"; };
		29C05D80208535310055B8E2 /* 0497bfe9d8128a84b5bdccfc8a90a1a8.jpg */ = {isa = PBXFileReference; lastKnownFileType = image.jpeg; path = 0497bfe9d8128a84b5bdccfc8a90a1a8.jpg; sourceTree = "<group>"; };
		7BEBCBB758308F1B04D75135 /* Pods-CMSC389L.debug.xcconfig */ = {isa = PBXFileReference; includeInIndex = 1; lastKnownFileType = text.xcconfig; name = "Pods-CMSC389L.debug.xcconfig"; path = "Pods/Target Support Files/Pods-CMSC389L/Pods-CMSC389L.debug.xcconfig"; sourceTree = "<group>"; };
		90791226A6851B8DD0F10340 /* Pods_CMSC389L.framework */ = {isa = PBXFileReference; explicitFileType = wrapper.framework; includeInIndex = 0; path = Pods_CMSC389L.framework; sourceTree = BUILT_PRODUCTS_DIR; };
/* End PBXFileReference section */

/* Begin PBXFrameworksBuildPhase section */
		297FB1CC20830F4A000F353B /* Frameworks */ = {
			isa = PBXFrameworksBuildPhase;
			buildActionMask = 2147483647;
			files = (
				4531E99267E7DB67D2AFDE7E /* Pods_CMSC389L.framework in Frameworks */,
			);
			runOnlyForDeploymentPostprocessing = 0;
		};
/* End PBXFrameworksBuildPhase section */

/* Begin PBXGroup section */
		1A6A9236B8627D97717F24B8 /* Frameworks */ = {
			isa = PBXGroup;
			children = (
				90791226A6851B8DD0F10340 /* Pods_CMSC389L.framework */,
			);
			name = Frameworks;
			sourceTree = "<group>";
		};
		2911A99A2084A2D1009134B6 /* LoginViews */ = {
			isa = PBXGroup;
			children = (
				297FB1D420830F4A000F353B /* ViewController.swift */,
				2911A99820848DFA009134B6 /* SignUpViewController.swift */,
			);
			path = LoginViews;
			sourceTree = "<group>";
		};
		2911A99C2084A2F9009134B6 /* CustomViews */ = {
			isa = PBXGroup;
			children = (
				2911A9922084000B009134B6 /* LoginTextField.swift */,
				2911A9962084776E009134B6 /* LineView.swift */,
				2911A9942084061B009134B6 /* NewAccountButton.swift */,
				2911A99F2084C175009134B6 /* PasswordTextField.swift */,
			);
			path = CustomViews;
			sourceTree = "<group>";
		};
		2911A99D2084A313009134B6 /* Helper */ = {
			isa = PBXGroup;
			children = (
				290EF70020855FE4002F7121 /* awsconfiguration.json */,
				297FB1DE20830F4A000F353B /* Info.plist */,
			);
			path = Helper;
			sourceTree = "<group>";
		};
		2911A99E2084A372009134B6 /* Images */ = {
			isa = PBXGroup;
			children = (
				29C05D80208535310055B8E2 /* 0497bfe9d8128a84b5bdccfc8a90a1a8.jpg */,
				29C05D7C20852B3A0055B8E2 /* device-camera-icon.png */,
				297FB1EB2083EFCB000F353B /* audiobooksimage.jpg */,
			);
			path = Images;
			sourceTree = "<group>";
		};
		297FB1C620830F4A000F353B = {
			isa = PBXGroup;
			children = (
				297FB1E420831091000F353B /* podfile */,
				297FB1D120830F4A000F353B /* CMSC389L */,
				297FB1D020830F4A000F353B /* Products */,
				52F094ECF3554493D44C2D6A /* Pods */,
				1A6A9236B8627D97717F24B8 /* Frameworks */,
			);
			sourceTree = "<group>";
		};
		297FB1D020830F4A000F353B /* Products */ = {
			isa = PBXGroup;
			children = (
				297FB1CF20830F4A000F353B /* CMSC389L.app */,
			);
			name = Products;
			sourceTree = "<group>";
		};
		297FB1D120830F4A000F353B /* CMSC389L */ = {
			isa = PBXGroup;
			children = (
				29C05D7E20852E260055B8E2 /* PhotoViewController.swift */,
				297FB1D620830F4A000F353B /* Main.storyboard */,
				297FB1D920830F4A000F353B /* Assets.xcassets */,
				297FB1DB20830F4A000F353B /* LaunchScreen.storyboard */,
				297FB1D220830F4A000F353B /* AppDelegate.swift */,
				2911A99C2084A2F9009134B6 /* CustomViews */,
				2911A99A2084A2D1009134B6 /* LoginViews */,
				2911A99E2084A372009134B6 /* Images */,
				2911A99D2084A313009134B6 /* Helper */,
			);
			path = CMSC389L;
			sourceTree = "<group>";
		};
		52F094ECF3554493D44C2D6A /* Pods */ = {
			isa = PBXGroup;
			children = (
				7BEBCBB758308F1B04D75135 /* Pods-CMSC389L.debug.xcconfig */,
				01217019AFF64DA542D2BEA3 /* Pods-CMSC389L.release.xcconfig */,
			);
			name = Pods;
			sourceTree = "<group>";
		};
/* End PBXGroup section */

/* Begin PBXNativeTarget section */
		297FB1CE20830F4A000F353B /* CMSC389L */ = {
			isa = PBXNativeTarget;
			buildConfigurationList = 297FB1E120830F4A000F353B /* Build configuration list for PBXNativeTarget "CMSC389L" */;
			buildPhases = (
				39150BB5DF26097475803673 /* [CP] Check Pods Manifest.lock */,
				297FB1CB20830F4A000F353B /* Sources */,
				297FB1CC20830F4A000F353B /* Frameworks */,
				297FB1CD20830F4A000F353B /* Resources */,
				5AF42C543BFFEFC2B3796DBC /* [CP] Embed Pods Frameworks */,
			);
			buildRules = (
			);
			dependencies = (
			);
			name = CMSC389L;
			productName = CMSC389L;
			productReference = 297FB1CF20830F4A000F353B /* CMSC389L.app */;
			productType = "com.apple.product-type.application";
		};
/* End PBXNativeTarget section */

/* Begin PBXProject section */
		297FB1C720830F4A000F353B /* Project object */ = {
			isa = PBXProject;
			attributes = {
				LastSwiftUpdateCheck = 0920;
				LastUpgradeCheck = 0920;
				ORGANIZATIONNAME = "Jenish Kanani";
				TargetAttributes = {
					297FB1CE20830F4A000F353B = {
						CreatedOnToolsVersion = 9.2;
						ProvisioningStyle = Automatic;
					};
				};
			};
			buildConfigurationList = 297FB1CA20830F4A000F353B /* Build configuration list for PBXProject "CMSC389L" */;
			compatibilityVersion = "Xcode 8.0";
			developmentRegion = en;
			hasScannedForEncodings = 0;
			knownRegions = (
				en,
				Base,
			);
			mainGroup = 297FB1C620830F4A000F353B;
			productRefGroup = 297FB1D020830F4A000F353B /* Products */;
			projectDirPath = "";
			projectRoot = "";
			targets = (
				297FB1CE20830F4A000F353B /* CMSC389L */,
			);
		};
/* End PBXProject section */

/* Begin PBXResourcesBuildPhase section */
		297FB1CD20830F4A000F353B /* Resources */ = {
			isa = PBXResourcesBuildPhase;
			buildActionMask = 2147483647;
			files = (
				290EF70120855FE4002F7121 /* awsconfiguration.json in Resources */,
				297FB1DD20830F4A000F353B /* LaunchScreen.storyboard in Resources */,
				29C05D81208535310055B8E2 /* 0497bfe9d8128a84b5bdccfc8a90a1a8.jpg in Resources */,
				297FB1DA20830F4A000F353B /* Assets.xcassets in Resources */,
				297FB1EC2083EFCB000F353B /* audiobooksimage.jpg in Resources */,
				29C05D7D20852B3A0055B8E2 /* device-camera-icon.png in Resources */,
				297FB1E520831091000F353B /* podfile in Resources */,
				297FB1D820830F4A000F353B /* Main.storyboard in Resources */,
			);
			runOnlyForDeploymentPostprocessing = 0;
		};
/* End PBXResourcesBuildPhase section */

/* Begin PBXShellScriptBuildPhase section */
		39150BB5DF26097475803673 /* [CP] Check Pods Manifest.lock */ = {
			isa = PBXShellScriptBuildPhase;
			buildActionMask = 2147483647;
			files = (
			);
			inputPaths = (
				"${PODS_PODFILE_DIR_PATH}/Podfile.lock",
				"${PODS_ROOT}/Manifest.lock",
			);
			name = "[CP] Check Pods Manifest.lock";
			outputPaths = (
				"$(DERIVED_FILE_DIR)/Pods-CMSC389L-checkManifestLockResult.txt",
			);
			runOnlyForDeploymentPostprocessing = 0;
			shellPath = /bin/sh;
			shellScript = "diff \"${PODS_PODFILE_DIR_PATH}/Podfile.lock\" \"${PODS_ROOT}/Manifest.lock\" > /dev/null\nif [ $? != 0 ] ; then\n    # print error to STDERR\n    echo \"error: The sandbox is not in sync with the Podfile.lock. Run 'pod install' or update your CocoaPods installation.\" >&2\n    exit 1\nfi\n# This output is used by Xcode 'outputs' to avoid re-running this script phase.\necho \"SUCCESS\" > \"${SCRIPT_OUTPUT_FILE_0}\"\n";
			showEnvVarsInLog = 0;
		};
		5AF42C543BFFEFC2B3796DBC /* [CP] Embed Pods Frameworks */ = {
			isa = PBXShellScriptBuildPhase;
			buildActionMask = 2147483647;
			files = (
			);
			inputPaths = (
				"${SRCROOT}/Pods/Target Support Files/Pods-CMSC389L/Pods-CMSC389L-frameworks.sh",
				"${BUILT_PRODUCTS_DIR}/AWSAuthCore/AWSAuthCore.framework",
				"${BUILT_PRODUCTS_DIR}/AWSAuthUI/AWSAuthUI.framework",
				"${BUILT_PRODUCTS_DIR}/AWSCognito/AWSCognito.framework",
				"${BUILT_PRODUCTS_DIR}/AWSCognitoIdentityProvider/AWSCognitoIdentityProvider.framework",
				"${BUILT_PRODUCTS_DIR}/AWSCognitoIdentityProviderASF/AWSCognitoIdentityProviderASF.framework",
				"${BUILT_PRODUCTS_DIR}/AWSCore/AWSCore.framework",
				"${BUILT_PRODUCTS_DIR}/AWSMobileClient/AWSMobileClient.framework",
				"${BUILT_PRODUCTS_DIR}/AWSS3/AWSS3.framework",
				"${BUILT_PRODUCTS_DIR}/AWSUserPoolsSignIn/AWSUserPoolsSignIn.framework",
			);
			name = "[CP] Embed Pods Frameworks";
			outputPaths = (
				"${TARGET_BUILD_DIR}/${FRAMEWORKS_FOLDER_PATH}/AWSAuthCore.framework",
				"${TARGET_BUILD_DIR}/${FRAMEWORKS_FOLDER_PATH}/AWSAuthUI.framework",
				"${TARGET_BUILD_DIR}/${FRAMEWORKS_FOLDER_PATH}/AWSCognito.framework",
				"${TARGET_BUILD_DIR}/${FRAMEWORKS_FOLDER_PATH}/AWSCognitoIdentityProvider.framework",
				"${TARGET_BUILD_DIR}/${FRAMEWORKS_FOLDER_PATH}/AWSCognitoIdentityProviderASF.framework",
				"${TARGET_BUILD_DIR}/${FRAMEWORKS_FOLDER_PATH}/AWSCore.framework",
				"${TARGET_BUILD_DIR}/${FRAMEWORKS_FOLDER_PATH}/AWSMobileClient.framework",
				"${TARGET_BUILD_DIR}/${FRAMEWORKS_FOLDER_PATH}/AWSS3.framework",
				"${TARGET_BUILD_DIR}/${FRAMEWORKS_FOLDER_PATH}/AWSUserPoolsSignIn.framework",
			);
			runOnlyForDeploymentPostprocessing = 0;
			shellPath = /bin/sh;
			shellScript = "\"${SRCROOT}/Pods/Target Support Files/Pods-CMSC389L/Pods-CMSC389L-frameworks.sh\"\n";
			showEnvVarsInLog = 0;
		};
/* End PBXShellScriptBuildPhase section */

/* Begin PBXSourcesBuildPhase section */
		297FB1CB20830F4A000F353B /* Sources */ = {
			isa = PBXSourcesBuildPhase;
			buildActionMask = 2147483647;
			files = (
				2911A99920848DFA009134B6 /* SignUpViewController.swift in Sources */,
				2911A9952084061B009134B6 /* NewAccountButton.swift in Sources */,
				2911A9A02084C175009134B6 /* PasswordTextField.swift in Sources */,
				2911A9932084000B009134B6 /* LoginTextField.swift in Sources */,
				297FB1D520830F4A000F353B /* ViewController.swift in Sources */,
				29C05D7F20852E260055B8E2 /* PhotoViewController.swift in Sources */,
				2911A9972084776E009134B6 /* LineView.swift in Sources */,
				297FB1D320830F4A000F353B /* AppDelegate.swift in Sources */,
			);
			runOnlyForDeploymentPostprocessing = 0;
		};
/* End PBXSourcesBuildPhase section */

/* Begin PBXVariantGroup section */
		297FB1D620830F4A000F353B /* Main.storyboard */ = {
			isa = PBXVariantGroup;
			children = (
				297FB1D720830F4A000F353B /* Base */,
			);
			name = Main.storyboard;
			sourceTree = "<group>";
		};
		297FB1DB20830F4A000F353B /* LaunchScreen.storyboard */ = {
			isa = PBXVariantGroup;
			children = (
				297FB1DC20830F4A000F353B /* Base */,
			);
			name = LaunchScreen.storyboard;
			sourceTree = "<group>";
		};
/* End PBXVariantGroup section */

/* Begin XCBuildConfiguration section */
		297FB1DF20830F4A000F353B /* Debug */ = {
			isa = XCBuildConfiguration;
			buildSettings = {
				ALWAYS_SEARCH_USER_PATHS = NO;
				CLANG_ANALYZER_NONNULL = YES;
				CLANG_ANALYZER_NUMBER_OBJECT_CONVERSION = YES_AGGRESSIVE;
				CLANG_CXX_LANGUAGE_STANDARD = "gnu++14";
				CLANG_CXX_LIBRARY = "libc++";
				CLANG_ENABLE_MODULES = YES;
				CLANG_ENABLE_OBJC_ARC = YES;
				CLANG_WARN_BLOCK_CAPTURE_AUTORELEASING = YES;
				CLANG_WARN_BOOL_CONVERSION = YES;
				CLANG_WARN_COMMA = YES;
				CLANG_WARN_CONSTANT_CONVERSION = YES;
				CLANG_WARN_DIRECT_OBJC_ISA_USAGE = YES_ERROR;
				CLANG_WARN_DOCUMENTATION_COMMENTS = YES;
				CLANG_WARN_EMPTY_BODY = YES;
				CLANG_WARN_ENUM_CONVERSION = YES;
				CLANG_WARN_INFINITE_RECURSION = YES;
				CLANG_WARN_INT_CONVERSION = YES;
				CLANG_WARN_NON_LITERAL_NULL_CONVERSION = YES;
				CLANG_WARN_OBJC_LITERAL_CONVERSION = YES;
				CLANG_WARN_OBJC_ROOT_CLASS = YES_ERROR;
				CLANG_WARN_RANGE_LOOP_ANALYSIS = YES;
				CLANG_WARN_STRICT_PROTOTYPES = YES;
				CLANG_WARN_SUSPICIOUS_MOVE = YES;
				CLANG_WARN_UNGUARDED_AVAILABILITY = YES_AGGRESSIVE;
				CLANG_WARN_UNREACHABLE_CODE = YES;
				CLANG_WARN__DUPLICATE_METHOD_MATCH = YES;
				CODE_SIGN_IDENTITY = "iPhone Developer";
				COPY_PHASE_STRIP = NO;
				DEBUG_INFORMATION_FORMAT = dwarf;
				ENABLE_STRICT_OBJC_MSGSEND = YES;
				ENABLE_TESTABILITY = YES;
				GCC_C_LANGUAGE_STANDARD = gnu11;
				GCC_DYNAMIC_NO_PIC = NO;
				GCC_NO_COMMON_BLOCKS = YES;
				GCC_OPTIMIZATION_LEVEL = 0;
				GCC_PREPROCESSOR_DEFINITIONS = (
					"DEBUG=1",
					"$(inherited)",
				);
				GCC_WARN_64_TO_32_BIT_CONVERSION = YES;
				GCC_WARN_ABOUT_RETURN_TYPE = YES_ERROR;
				GCC_WARN_UNDECLARED_SELECTOR = YES;
				GCC_WARN_UNINITIALIZED_AUTOS = YES_AGGRESSIVE;
				GCC_WARN_UNUSED_FUNCTION = YES;
				GCC_WARN_UNUSED_VARIABLE = YES;
				IPHONEOS_DEPLOYMENT_TARGET = 11.2;
				MTL_ENABLE_DEBUG_INFO = YES;
				ONLY_ACTIVE_ARCH = YES;
				SDKROOT = iphoneos;
				SWIFT_ACTIVE_COMPILATION_CONDITIONS = DEBUG;
				SWIFT_OPTIMIZATION_LEVEL = "-Onone";
			};
			name = Debug;
		};
		297FB1E020830F4A000F353B /* Release */ = {
			isa = XCBuildConfiguration;
			buildSettings = {
				ALWAYS_SEARCH_USER_PATHS = NO;
				CLANG_ANALYZER_NONNULL = YES;
				CLANG_ANALYZER_NUMBER_OBJECT_CONVERSION = YES_AGGRESSIVE;
				CLANG_CXX_LANGUAGE_STANDARD = "gnu++14";
				CLANG_CXX_LIBRARY = "libc++";
				CLANG_ENABLE_MODULES = YES;
				CLANG_ENABLE_OBJC_ARC = YES;
				CLANG_WARN_BLOCK_CAPTURE_AUTORELEASING = YES;
				CLANG_WARN_BOOL_CONVERSION = YES;
				CLANG_WARN_COMMA = YES;
				CLANG_WARN_CONSTANT_CONVERSION = YES;
				CLANG_WARN_DIRECT_OBJC_ISA_USAGE = YES_ERROR;
				CLANG_WARN_DOCUMENTATION_COMMENTS = YES;
				CLANG_WARN_EMPTY_BODY = YES;
				CLANG_WARN_ENUM_CONVERSION = YES;
				CLANG_WARN_INFINITE_RECURSION = YES;
				CLANG_WARN_INT_CONVERSION = YES;
				CLANG_WARN_NON_LITERAL_NULL_CONVERSION = YES;
				CLANG_WARN_OBJC_LITERAL_CONVERSION = YES;
				CLANG_WARN_OBJC_ROOT_CLASS = YES_ERROR;
				CLANG_WARN_RANGE_LOOP_ANALYSIS = YES;
				CLANG_WARN_STRICT_PROTOTYPES = YES;
				CLANG_WARN_SUSPICIOUS_MOVE = YES;
				CLANG_WARN_UNGUARDED_AVAILABILITY = YES_AGGRESSIVE;
				CLANG_WARN_UNREACHABLE_CODE = YES;
				CLANG_WARN__DUPLICATE_METHOD_MATCH = YES;
				CODE_SIGN_IDENTITY = "iPhone Developer";
				COPY_PHASE_STRIP = NO;
				DEBUG_INFORMATION_FORMAT = "dwarf-with-dsym";
				ENABLE_NS_ASSERTIONS = NO;
				ENABLE_STRICT_OBJC_MSGSEND = YES;
				GCC_C_LANGUAGE_STANDARD = gnu11;
				GCC_NO_COMMON_BLOCKS = YES;
				GCC_WARN_64_TO_32_BIT_CONVERSION = YES;
				GCC_WARN_ABOUT_RETURN_TYPE = YES_ERROR;
				GCC_WARN_UNDECLARED_SELECTOR = YES;
				GCC_WARN_UNINITIALIZED_AUTOS = YES_AGGRESSIVE;
				GCC_WARN_UNUSED_FUNCTION = YES;
				GCC_WARN_UNUSED_VARIABLE = YES;
				IPHONEOS_DEPLOYMENT_TARGET = 11.2;
				MTL_ENABLE_DEBUG_INFO = NO;
				SDKROOT = iphoneos;
				SWIFT_OPTIMIZATION_LEVEL = "-Owholemodule";
				VALIDATE_PRODUCT = YES;
			};
			name = Release;
		};
		297FB1E220830F4A000F353B /* Debug */ = {
			isa = XCBuildConfiguration;
			baseConfigurationReference = 7BEBCBB758308F1B04D75135 /* Pods-CMSC389L.debug.xcconfig */;
			buildSettings = {
				ASSETCATALOG_COMPILER_APPICON_NAME = AppIcon;
				CODE_SIGN_STYLE = Automatic;
				DEVELOPMENT_TEAM = E74D4V7452;
				INFOPLIST_FILE = "$(SRCROOT)/CMSC389L/Helper/Info.plist";
				LD_RUNPATH_SEARCH_PATHS = "$(inherited) @executable_path/Frameworks";
				PRODUCT_BUNDLE_IDENTIFIER = JKCompany.CMSC389L;
				PRODUCT_NAME = "$(TARGET_NAME)";
				SWIFT_VERSION = 4.0;
				TARGETED_DEVICE_FAMILY = "1,2";
			};
			name = Debug;
		};
		297FB1E320830F4A000F353B /* Release */ = {
			isa = XCBuildConfiguration;
			baseConfigurationReference = 01217019AFF64DA542D2BEA3 /* Pods-CMSC389L.release.xcconfig */;
			buildSettings = {
				ASSETCATALOG_COMPILER_APPICON_NAME = AppIcon;
				CODE_SIGN_STYLE = Automatic;
				DEVELOPMENT_TEAM = E74D4V7452;
				INFOPLIST_FILE = "$(SRCROOT)/CMSC389L/Helper/Info.plist";
				LD_RUNPATH_SEARCH_PATHS = "$(inherited) @executable_path/Frameworks";
				PRODUCT_BUNDLE_IDENTIFIER = JKCompany.CMSC389L;
				PRODUCT_NAME = "$(TARGET_NAME)";
				SWIFT_VERSION = 4.0;
				TARGETED_DEVICE_FAMILY = "1,2";
			};
			name = Release;
		};
/* End XCBuildConfiguration section */

/* Begin XCConfigurationList section */
		297FB1CA20830F4A000F353B /* Build configuration list for PBXProject "CMSC389L" */ = {
			isa = XCConfigurationList;
			buildConfigurations = (
				297FB1DF20830F4A000F353B /* Debug */,
				297FB1E020830F4A000F353B /* Release */,
			);
			defaultConfigurationIsVisible = 0;
			defaultConfigurationName = Release;
		};
		297FB1E120830F4A000F353B /* Build configuration list for PBXNativeTarget "CMSC389L" */ = {
			isa = XCConfigurationList;
			buildConfigurations = (
				297FB1E220830F4A000F353B /* Debug */,
				297FB1E320830F4A000F353B /* Release */,
			);
			defaultConfigurationIsVisible = 0;
			defaultConfigurationName = Release;
		};
/* End XCConfigurationList section */
	};
	rootObject = 297FB1C720830F4A000F353B /* Project object */;
}
